
Microsoft Visual Studio Solution File, Format Version 12.00
# Visual Studio Version 17
VisualStudioVersion = 17.13.35828.75 d17.13
MinimumVisualStudioVersion = 10.0.40219.1
Project("{FAE04EC0-301F-11D3-BF4B-00C04F79EFBC}") = "Ex01", "Ex01\Ex01.csproj", "{511231CA-4C38-49DB-B6FA-E3CD928418BC}"
EndProject
Project("{FAE04EC0-301F-11D3-BF4B-00C04F79EFBC}") = "Ex02", "Ex02\Ex02.csproj", "{8F9447A8-823D-426B-A833-084D00CB14DA}"
EndProject
Project("{FAE04EC0-301F-11D3-BF4B-00C04F79EFBC}") = "Ex03", "Ex03\Ex03.csproj", "{68CB05ED-92AC-4A8C-AD5E-A5480057208D}"
EndProject
Project("{FAE04EC0-301F-11D3-BF4B-00C04F79EFBC}") = "Ex04", "Ex04\Ex04.csproj", "{869F70FC-A8F1-4265-B9B6-CBC9C3FDEC6E}"
EndProject
Project("{FAE04EC0-301F-11D3-BF4B-00C04F79EFBC}") = "Ex05", "Ex05\Ex05.csproj", "{6672F7C5-E93F-4A52-8F8D-82509CEEB22D}"
EndProject
Project("{FAE04EC0-301F-11D3-BF4B-00C04F79EFBC}") = "Ex06", "Ex06\Ex06.csproj", "{330458B5-FA9A-404C-AACA-E1C77C0697CC}"
EndProject
Project("{FAE04EC0-301F-11D3-BF4B-00C04F79EFBC}") = "Ex07", "Ex07\Ex07.csproj", "{90EF6041-E086-4660-A055-4A0492F0F8D7}"
EndProject
Project("{FAE04EC0-301F-11D3-BF4B-00C04F79EFBC}") = "Ex08", "Ex08\Ex08.csproj", "{07638E02-C31F-4C12-9FCF-A61BC5D0533A}"
EndProject
Project("{FAE04EC0-301F-11D3-BF4B-00C04F79EFBC}") = "Ex09", "Ex09\Ex09.csproj", "{8FBD7FD0-43C5-45B5-ADBB-A4B6EDA0328C}"
EndProject
Project("{FAE04EC0-301F-11D3-BF4B-00C04F79EFBC}") = "Ex10", "Ex10\Ex10.csproj", "{4407D0B3-B83D-4581-84EB-03BD4B27CCCF}"
EndProject
Global
	GlobalSection(SolutionConfigurationPlatforms) = preSolution
		Debug|Any CPU = Debug|Any CPU
		Release|Any CPU = Release|Any CPU
	EndGlobalSection
	GlobalSection(ProjectConfigurationPlatforms) = postSolution
		{511231CA-4C38-49DB-B6FA-E3CD928418BC}.Debug|Any CPU.ActiveCfg = Debug|Any CPU
		{511231CA-4C38-49DB-B6FA-E3CD928418BC}.Debug|Any CPU.Build.0 = Debug|Any CPU
		{511231CA-4C38-49DB-B6FA-E3CD928418BC}.Release|Any CPU.ActiveCfg = Release|Any CPU
		{511231CA-4C38-49DB-B6FA-E3CD928418BC}.Release|Any CPU.Build.0 = Release|Any CPU
		{8F9447A8-823D-426B-A833-084D00CB14DA}.Debug|Any CPU.ActiveCfg = Debug|Any CPU
		{8F9447A8-823D-426B-A833-084D00CB14DA}.Debug|Any CPU.Build.0 = Debug|Any CPU
		{8F9447A8-823D-426B-A833-084D00CB14DA}.Release|Any CPU.ActiveCfg = Release|Any CPU
		{8F9447A8-823D-426B-A833-084D00CB14DA}.Release|Any CPU.Build.0 = Release|Any CPU
		{68CB05ED-92AC-4A8C-AD5E-A5480057208D}.Debug|Any CPU.ActiveCfg = Debug|Any CPU
		{68CB05ED-92AC-4A8C-AD5E-A5480057208D}.Debug|Any CPU.Build.0 = Debug|Any CPU
		{68CB05ED-92AC-4A8C-AD5E-A5480057208D}.Release|Any CPU.ActiveCfg = Release|Any CPU
		{68CB05ED-92AC-4A8C-AD5E-A5480057208D}.Release|Any CPU.Build.0 = Release|Any CPU
		{869F70FC-A8F1-4265-B9B6-CBC9C3FDEC6E}.Debug|Any CPU.ActiveCfg = Debug|Any CPU
		{869F70FC-A8F1-4265-B9B6-CBC9C3FDEC6E}.Debug|Any CPU.Build.0 = Debug|Any CPU
		{869F70FC-A8F1-4265-B9B6-CBC9C3FDEC6E}.Release|Any CPU.ActiveCfg = Release|Any CPU
		{869F70FC-A8F1-4265-B9B6-CBC9C3FDEC6E}.Release|Any CPU.Build.0 = Release|Any CPU
		{6672F7C5-E93F-4A52-8F8D-82509CEEB22D}.Debug|Any CPU.ActiveCfg = Debug|Any CPU
		{6672F7C5-E93F-4A52-8F8D-82509CEEB22D}.Debug|Any CPU.Build.0 = Debug|Any CPU
		{6672F7C5-E93F-4A52-8F8D-82509CEEB22D}.Release|Any CPU.ActiveCfg = Release|Any CPU
		{6672F7C5-E93F-4A52-8F8D-82509CEEB22D}.Release|Any CPU.Build.0 = Release|Any CPU
		{330458B5-FA9A-404C-AACA-E1C77C0697CC}.Debug|Any CPU.ActiveCfg = Debug|Any CPU
		{330458B5-FA9A-404C-AACA-E1C77C0697CC}.Debug|Any CPU.Build.0 = Debug|Any CPU
		{330458B5-FA9A-404C-AACA-E1C77C0697CC}.Release|Any CPU.ActiveCfg = Release|Any CPU
		{330458B5-FA9A-404C-AACA-E1C77C0697CC}.Release|Any CPU.Build.0 = Release|Any CPU
		{90EF6041-E086-4660-A055-4A0492F0F8D7}.Debug|Any CPU.ActiveCfg = Debug|Any CPU
		{90EF6041-E086-4660-A055-4A0492F0F8D7}.Debug|Any CPU.Build.0 = Debug|Any CPU
		{90EF6041-E086-4660-A055-4A0492F0F8D7}.Release|Any CPU.ActiveCfg = Release|Any CPU
		{90EF6041-E086-4660-A055-4A0492F0F8D7}.Release|Any CPU.Build.0 = Release|Any CPU
		{07638E02-C31F-4C12-9FCF-A61BC5D0533A}.Debug|Any CPU.ActiveCfg = Debug|Any CPU
		{07638E02-C31F-4C12-9FCF-A61BC5D0533A}.Debug|Any CPU.Build.0 = Debug|Any CPU
		{07638E02-C31F-4C12-9FCF-A61BC5D0533A}.Release|Any CPU.ActiveCfg = Release|Any CPU
		{07638E02-C31F-4C12-9FCF-A61BC5D0533A}.Release|Any CPU.Build.0 = Release|Any CPU
		{8FBD7FD0-43C5-45B5-ADBB-A4B6EDA0328C}.Debug|Any CPU.ActiveCfg = Debug|Any CPU
		{8FBD7FD0-43C5-45B5-ADBB-A4B6EDA0328C}.Debug|Any CPU.Build.0 = Debug|Any CPU
		{8FBD7FD0-43C5-45B5-ADBB-A4B6EDA0328C}.Release|Any CPU.ActiveCfg = Release|Any CPU
		{8FBD7FD0-43C5-45B5-ADBB-A4B6EDA0328C}.Release|Any CPU.Build.0 = Release|Any CPU
		{4407D0B3-B83D-4581-84EB-03BD4B27CCCF}.Debug|Any CPU.ActiveCfg = Debug|Any CPU
		{4407D0B3-B83D-4581-84EB-03BD4B27CCCF}.Debug|Any CPU.Build.0 = Debug|Any CPU
		{4407D0B3-B83D-4581-84EB-03BD4B27CCCF}.Release|Any CPU.ActiveCfg = Release|Any CPU
		{4407D0B3-B83D-4581-84EB-03BD4B27CCCF}.Release|Any CPU.Build.0 = Release|Any CPU
	EndGlobalSection
	GlobalSection(SolutionProperties) = preSolution
		HideSolutionNode = FALSE
	EndGlobalSection
	GlobalSection(ExtensibilityGlobals) = postSolution
		SolutionGuid = {E0495D20-16E7-4450-ABC4-29CD0BAE7EB1}
	EndGlobalSection
EndGlobal
