
Microsoft Visual Studio Solution File, Format Version 12.00
# Visual Studio Version 17
VisualStudioVersion = 17.11.35327.3
MinimumVisualStudioVersion = 10.0.40219.1
Project("{FAE04EC0-301F-11D3-BF4B-00C04F79EFBC}") = "Ex01", "Ex01\Ex01.csproj", "{40B2E21E-BC11-4E3F-82F3-26EB82221BEC}"
EndProject
Project("{FAE04EC0-301F-11D3-BF4B-00C04F79EFBC}") = "Ex02", "Ex02\Ex02.csproj", "{D8AB0350-E0CB-4260-932B-935B045DA1B5}"
EndProject
Project("{FAE04EC0-301F-11D3-BF4B-00C04F79EFBC}") = "Ex04", "Ex04\Ex04.csproj", "{39C08961-B209-4532-957F-693A1BC4198A}"
EndProject
Project("{FAE04EC0-301F-11D3-BF4B-00C04F79EFBC}") = "Ex05", "Ex05\Ex05.csproj", "{27407511-D046-4D40-9F3C-65F79393FDE4}"
EndProject
Project("{FAE04EC0-301F-11D3-BF4B-00C04F79EFBC}") = "Ex06", "Ex06\Ex06.csproj", "{7A918DFF-F15D-47F0-B55A-48CF3AF6798D}"
EndProject
Project("{FAE04EC0-301F-11D3-BF4B-00C04F79EFBC}") = "Ex07", "Ex07\Ex07.csproj", "{F5D17249-84B6-43A7-B18A-E1DAA5BE5FF9}"
EndProject
Project("{FAE04EC0-301F-11D3-BF4B-00C04F79EFBC}") = "Ex08", "Ex08\Ex08.csproj", "{11BC0113-72BC-4586-B76C-B4BE112CD04A}"
EndProject
Project("{FAE04EC0-301F-11D3-BF4B-00C04F79EFBC}") = "Ex09", "Ex09\Ex09.csproj", "{004FFDA9-94A8-4873-A5A2-1DAB4D481393}"
EndProject
Project("{FAE04EC0-301F-11D3-BF4B-00C04F79EFBC}") = "Ex10", "Ex10\Ex10.csproj", "{D4E1D39C-B084-4962-B99D-07D60BAB089C}"
EndProject
Project("{FAE04EC0-301F-11D3-BF4B-00C04F79EFBC}") = "Ex03", "Ex03\Ex03.csproj", "{F497A43D-4375-4CB0-A9A2-B37AE358C500}"
EndProject
Global
	GlobalSection(SolutionConfigurationPlatforms) = preSolution
		Debug|Any CPU = Debug|Any CPU
		Release|Any CPU = Release|Any CPU
	EndGlobalSection
	GlobalSection(ProjectConfigurationPlatforms) = postSolution
		{40B2E21E-BC11-4E3F-82F3-26EB82221BEC}.Debug|Any CPU.ActiveCfg = Debug|Any CPU
		{40B2E21E-BC11-4E3F-82F3-26EB82221BEC}.Debug|Any CPU.Build.0 = Debug|Any CPU
		{40B2E21E-BC11-4E3F-82F3-26EB82221BEC}.Release|Any CPU.ActiveCfg = Release|Any CPU
		{40B2E21E-BC11-4E3F-82F3-26EB82221BEC}.Release|Any CPU.Build.0 = Release|Any CPU
		{D8AB0350-E0CB-4260-932B-935B045DA1B5}.Debug|Any CPU.ActiveCfg = Debug|Any CPU
		{D8AB0350-E0CB-4260-932B-935B045DA1B5}.Debug|Any CPU.Build.0 = Debug|Any CPU
		{D8AB0350-E0CB-4260-932B-935B045DA1B5}.Release|Any CPU.ActiveCfg = Release|Any CPU
		{D8AB0350-E0CB-4260-932B-935B045DA1B5}.Release|Any CPU.Build.0 = Release|Any CPU
		{39C08961-B209-4532-957F-693A1BC4198A}.Debug|Any CPU.ActiveCfg = Debug|Any CPU
		{39C08961-B209-4532-957F-693A1BC4198A}.Debug|Any CPU.Build.0 = Debug|Any CPU
		{39C08961-B209-4532-957F-693A1BC4198A}.Release|Any CPU.ActiveCfg = Release|Any CPU
		{39C08961-B209-4532-957F-693A1BC4198A}.Release|Any CPU.Build.0 = Release|Any CPU
		{27407511-D046-4D40-9F3C-65F79393FDE4}.Debug|Any CPU.ActiveCfg = Debug|Any CPU
		{27407511-D046-4D40-9F3C-65F79393FDE4}.Debug|Any CPU.Build.0 = Debug|Any CPU
		{27407511-D046-4D40-9F3C-65F79393FDE4}.Release|Any CPU.ActiveCfg = Release|Any CPU
		{27407511-D046-4D40-9F3C-65F79393FDE4}.Release|Any CPU.Build.0 = Release|Any CPU
		{7A918DFF-F15D-47F0-B55A-48CF3AF6798D}.Debug|Any CPU.ActiveCfg = Debug|Any CPU
		{7A918DFF-F15D-47F0-B55A-48CF3AF6798D}.Debug|Any CPU.Build.0 = Debug|Any CPU
		{7A918DFF-F15D-47F0-B55A-48CF3AF6798D}.Release|Any CPU.ActiveCfg = Release|Any CPU
		{7A918DFF-F15D-47F0-B55A-48CF3AF6798D}.Release|Any CPU.Build.0 = Release|Any CPU
		{F5D17249-84B6-43A7-B18A-E1DAA5BE5FF9}.Debug|Any CPU.ActiveCfg = Debug|Any CPU
		{F5D17249-84B6-43A7-B18A-E1DAA5BE5FF9}.Debug|Any CPU.Build.0 = Debug|Any CPU
		{F5D17249-84B6-43A7-B18A-E1DAA5BE5FF9}.Release|Any CPU.ActiveCfg = Release|Any CPU
		{F5D17249-84B6-43A7-B18A-E1DAA5BE5FF9}.Release|Any CPU.Build.0 = Release|Any CPU
		{11BC0113-72BC-4586-B76C-B4BE112CD04A}.Debug|Any CPU.ActiveCfg = Debug|Any CPU
		{11BC0113-72BC-4586-B76C-B4BE112CD04A}.Debug|Any CPU.Build.0 = Debug|Any CPU
		{11BC0113-72BC-4586-B76C-B4BE112CD04A}.Release|Any CPU.ActiveCfg = Release|Any CPU
		{11BC0113-72BC-4586-B76C-B4BE112CD04A}.Release|Any CPU.Build.0 = Release|Any CPU
		{004FFDA9-94A8-4873-A5A2-1DAB4D481393}.Debug|Any CPU.ActiveCfg = Debug|Any CPU
		{004FFDA9-94A8-4873-A5A2-1DAB4D481393}.Debug|Any CPU.Build.0 = Debug|Any CPU
		{004FFDA9-94A8-4873-A5A2-1DAB4D481393}.Release|Any CPU.ActiveCfg = Release|Any CPU
		{004FFDA9-94A8-4873-A5A2-1DAB4D481393}.Release|Any CPU.Build.0 = Release|Any CPU
		{D4E1D39C-B084-4962-B99D-07D60BAB089C}.Debug|Any CPU.ActiveCfg = Debug|Any CPU
		{D4E1D39C-B084-4962-B99D-07D60BAB089C}.Debug|Any CPU.Build.0 = Debug|Any CPU
		{D4E1D39C-B084-4962-B99D-07D60BAB089C}.Release|Any CPU.ActiveCfg = Release|Any CPU
		{D4E1D39C-B084-4962-B99D-07D60BAB089C}.Release|Any CPU.Build.0 = Release|Any CPU
		{F497A43D-4375-4CB0-A9A2-B37AE358C500}.Debug|Any CPU.ActiveCfg = Debug|Any CPU
		{F497A43D-4375-4CB0-A9A2-B37AE358C500}.Debug|Any CPU.Build.0 = Debug|Any CPU
		{F497A43D-4375-4CB0-A9A2-B37AE358C500}.Release|Any CPU.ActiveCfg = Release|Any CPU
		{F497A43D-4375-4CB0-A9A2-B37AE358C500}.Release|Any CPU.Build.0 = Release|Any CPU
	EndGlobalSection
	GlobalSection(SolutionProperties) = preSolution
		HideSolutionNode = FALSE
	EndGlobalSection
	GlobalSection(ExtensibilityGlobals) = postSolution
		SolutionGuid = {649FE7E0-6387-497D-8785-F52A17C53BBA}
	EndGlobalSection
EndGlobal
