
Microsoft Visual Studio Solution File, Format Version 12.00
# Visual Studio Version 17
VisualStudioVersion = 17.11.35327.3
MinimumVisualStudioVersion = 10.0.40219.1
Project("{9A19103F-16F7-4668-BE54-9A1E7A4F7556}") = "ex 01", "ex 01\ex 01.csproj", "{A77A81A9-A8BC-4D9E-AD4B-4176F2D42C54}"
EndProject
Project("{9A19103F-16F7-4668-BE54-9A1E7A4F7556}") = "Ex.02", "Ex.02\Ex.02.csproj", "{BBCA5A11-5C6D-41DA-8CF3-0DA48F95EF50}"
EndProject
Project("{9A19103F-16F7-4668-BE54-9A1E7A4F7556}") = "Ex.03", "Ex.03\Ex.03.csproj", "{55D2E05F-CCD0-434B-A518-CADD2285A66C}"
EndProject
Project("{9A19103F-16F7-4668-BE54-9A1E7A4F7556}") = "Ex_04", "Ex_04\Ex_04.csproj", "{C77B190F-41CE-414D-B2E0-37E5B7E45E8E}"
EndProject
Project("{9A19103F-16F7-4668-BE54-9A1E7A4F7556}") = "Ex_05", "Ex_05\Ex_05.csproj", "{E277DA05-B2F9-48C4-B71E-3CA5CF76EC3D}"
EndProject
Project("{9A19103F-16F7-4668-BE54-9A1E7A4F7556}") = "Ex_06", "Ex_06\Ex_06.csproj", "{9D3C48C4-4CBB-4BD2-8845-B017B7EFFC0C}"
EndProject
Project("{9A19103F-16F7-4668-BE54-9A1E7A4F7556}") = "Ex_07", "Ex_07\Ex_07.csproj", "{D3E09BE7-98AA-4721-8C61-61C6B871CD6C}"
EndProject
Project("{9A19103F-16F7-4668-BE54-9A1E7A4F7556}") = "Ex_08", "Ex_08\Ex_08.csproj", "{CD225CE8-6C3A-43EB-8789-ACCBF57D3A3A}"
EndProject
Project("{9A19103F-16F7-4668-BE54-9A1E7A4F7556}") = "Ex_09", "Ex_09\Ex_09.csproj", "{6D2026D7-9FE4-4154-A06F-B9FE14B32F4F}"
EndProject
Project("{9A19103F-16F7-4668-BE54-9A1E7A4F7556}") = "Ex_10", "Ex_10\Ex_10.csproj", "{74B2F339-2E39-4629-BF25-01EB7FA9AD83}"
EndProject
Project("{9A19103F-16F7-4668-BE54-9A1E7A4F7556}") = "Ex_11", "Ex_11\Ex_11.csproj", "{F911F4CD-3644-415B-A1FE-8936F153E436}"
EndProject
Project("{9A19103F-16F7-4668-BE54-9A1E7A4F7556}") = "Ex_12", "Ex_12\Ex_12.csproj", "{AB6C006A-CBE4-4456-9990-05C35AF78082}"
EndProject
Project("{9A19103F-16F7-4668-BE54-9A1E7A4F7556}") = "Ex_13", "Ex_13\Ex_13.csproj", "{A619596A-EF7D-480F-B17F-1E5F82175592}"
EndProject
Project("{9A19103F-16F7-4668-BE54-9A1E7A4F7556}") = "Ex_14", "Ex_14\Ex_14.csproj", "{11466390-7613-427A-80A6-B6AC86064599}"
EndProject
Project("{9A19103F-16F7-4668-BE54-9A1E7A4F7556}") = "Ex_15", "Ex_15\Ex_15.csproj", "{76FA706F-490A-40A2-8E95-8E2F4B5482AC}"
EndProject
Project("{FAE04EC0-301F-11D3-BF4B-00C04F79EFBC}") = "Ex_16", "Ex_16\Ex_16.csproj", "{8675D054-9EC5-4C80-9E55-113AB325B2BE}"
EndProject
Project("{FAE04EC0-301F-11D3-BF4B-00C04F79EFBC}") = "Ex_17", "Ex_17\Ex_17.csproj", "{B485D18A-003F-45AB-9A26-F199B1E03890}"
EndProject
Project("{FAE04EC0-301F-11D3-BF4B-00C04F79EFBC}") = "Ex_18", "Ex_18\Ex_18.csproj", "{DFFE0253-7183-4FD3-9052-7ED1EE6DB90C}"
EndProject
Project("{FAE04EC0-301F-11D3-BF4B-00C04F79EFBC}") = "Ex_19", "Ex_19\Ex_19.csproj", "{0E6FD81F-3FC1-4413-88EC-0E07B312890B}"
EndProject
Project("{FAE04EC0-301F-11D3-BF4B-00C04F79EFBC}") = "Ex_20", "Ex_20\Ex_20.csproj", "{6C246EF4-0983-4AFF-880D-640D771E13E5}"
EndProject
Project("{FAE04EC0-301F-11D3-BF4B-00C04F79EFBC}") = "Ex_21", "Ex_21\Ex_21.csproj", "{0A8E9DBD-BF82-420C-98D2-9EB61F8B1596}"
EndProject
Project("{FAE04EC0-301F-11D3-BF4B-00C04F79EFBC}") = "Ex_22", "Ex_22\Ex_22.csproj", "{897229BD-1D20-4485-A14A-D8A439B98419}"
EndProject
Project("{FAE04EC0-301F-11D3-BF4B-00C04F79EFBC}") = "Ex_23", "Ex_23\Ex_23.csproj", "{E7DF17E5-3D52-45B7-AD14-DA6440B5D478}"
EndProject
Project("{FAE04EC0-301F-11D3-BF4B-00C04F79EFBC}") = "Ex_24", "Ex_24\Ex_24.csproj", "{DE746D6B-1BCF-4F0A-91EA-0914A1580FCD}"
EndProject
Project("{FAE04EC0-301F-11D3-BF4B-00C04F79EFBC}") = "Ex_25", "Ex_25\Ex_25.csproj", "{971880DE-3B26-4E1C-BA2F-A6D20A7E2005}"
EndProject
Project("{FAE04EC0-301F-11D3-BF4B-00C04F79EFBC}") = "Ex_26", "Ex_26\Ex_26.csproj", "{35DE8724-0102-42FB-9829-617C498CE77A}"
EndProject
Project("{FAE04EC0-301F-11D3-BF4B-00C04F79EFBC}") = "Ex_27", "Ex_27\Ex_27.csproj", "{05443AFF-D349-46CC-A689-72293D8E9958}"
EndProject
Project("{FAE04EC0-301F-11D3-BF4B-00C04F79EFBC}") = "Ex_28", "Ex_28\Ex_28.csproj", "{19654ED1-07E9-46F9-AD23-24AC74AC1E09}"
EndProject
Project("{FAE04EC0-301F-11D3-BF4B-00C04F79EFBC}") = "Ex_29", "Ex_29\Ex_29.csproj", "{9EF468A0-513D-4529-8FEE-112CF7BA041A}"
EndProject
Project("{FAE04EC0-301F-11D3-BF4B-00C04F79EFBC}") = "Ex_30", "Ex_30\Ex_30.csproj", "{EA8030A9-2DE3-4019-AD4D-D3277D25E9D2}"
EndProject
Global
	GlobalSection(SolutionConfigurationPlatforms) = preSolution
		Debug|Any CPU = Debug|Any CPU
		Release|Any CPU = Release|Any CPU
	EndGlobalSection
	GlobalSection(ProjectConfigurationPlatforms) = postSolution
		{A77A81A9-A8BC-4D9E-AD4B-4176F2D42C54}.Debug|Any CPU.ActiveCfg = Debug|Any CPU
		{A77A81A9-A8BC-4D9E-AD4B-4176F2D42C54}.Debug|Any CPU.Build.0 = Debug|Any CPU
		{A77A81A9-A8BC-4D9E-AD4B-4176F2D42C54}.Release|Any CPU.ActiveCfg = Release|Any CPU
		{A77A81A9-A8BC-4D9E-AD4B-4176F2D42C54}.Release|Any CPU.Build.0 = Release|Any CPU
		{BBCA5A11-5C6D-41DA-8CF3-0DA48F95EF50}.Debug|Any CPU.ActiveCfg = Debug|Any CPU
		{BBCA5A11-5C6D-41DA-8CF3-0DA48F95EF50}.Debug|Any CPU.Build.0 = Debug|Any CPU
		{BBCA5A11-5C6D-41DA-8CF3-0DA48F95EF50}.Release|Any CPU.ActiveCfg = Release|Any CPU
		{BBCA5A11-5C6D-41DA-8CF3-0DA48F95EF50}.Release|Any CPU.Build.0 = Release|Any CPU
		{55D2E05F-CCD0-434B-A518-CADD2285A66C}.Debug|Any CPU.ActiveCfg = Debug|Any CPU
		{55D2E05F-CCD0-434B-A518-CADD2285A66C}.Debug|Any CPU.Build.0 = Debug|Any CPU
		{55D2E05F-CCD0-434B-A518-CADD2285A66C}.Release|Any CPU.ActiveCfg = Release|Any CPU
		{55D2E05F-CCD0-434B-A518-CADD2285A66C}.Release|Any CPU.Build.0 = Release|Any CPU
		{C77B190F-41CE-414D-B2E0-37E5B7E45E8E}.Debug|Any CPU.ActiveCfg = Debug|Any CPU
		{C77B190F-41CE-414D-B2E0-37E5B7E45E8E}.Debug|Any CPU.Build.0 = Debug|Any CPU
		{C77B190F-41CE-414D-B2E0-37E5B7E45E8E}.Release|Any CPU.ActiveCfg = Release|Any CPU
		{C77B190F-41CE-414D-B2E0-37E5B7E45E8E}.Release|Any CPU.Build.0 = Release|Any CPU
		{E277DA05-B2F9-48C4-B71E-3CA5CF76EC3D}.Debug|Any CPU.ActiveCfg = Debug|Any CPU
		{E277DA05-B2F9-48C4-B71E-3CA5CF76EC3D}.Debug|Any CPU.Build.0 = Debug|Any CPU
		{E277DA05-B2F9-48C4-B71E-3CA5CF76EC3D}.Release|Any CPU.ActiveCfg = Release|Any CPU
		{E277DA05-B2F9-48C4-B71E-3CA5CF76EC3D}.Release|Any CPU.Build.0 = Release|Any CPU
		{9D3C48C4-4CBB-4BD2-8845-B017B7EFFC0C}.Debug|Any CPU.ActiveCfg = Debug|Any CPU
		{9D3C48C4-4CBB-4BD2-8845-B017B7EFFC0C}.Debug|Any CPU.Build.0 = Debug|Any CPU
		{9D3C48C4-4CBB-4BD2-8845-B017B7EFFC0C}.Release|Any CPU.ActiveCfg = Release|Any CPU
		{9D3C48C4-4CBB-4BD2-8845-B017B7EFFC0C}.Release|Any CPU.Build.0 = Release|Any CPU
		{D3E09BE7-98AA-4721-8C61-61C6B871CD6C}.Debug|Any CPU.ActiveCfg = Debug|Any CPU
		{D3E09BE7-98AA-4721-8C61-61C6B871CD6C}.Debug|Any CPU.Build.0 = Debug|Any CPU
		{D3E09BE7-98AA-4721-8C61-61C6B871CD6C}.Release|Any CPU.ActiveCfg = Release|Any CPU
		{D3E09BE7-98AA-4721-8C61-61C6B871CD6C}.Release|Any CPU.Build.0 = Release|Any CPU
		{CD225CE8-6C3A-43EB-8789-ACCBF57D3A3A}.Debug|Any CPU.ActiveCfg = Debug|Any CPU
		{CD225CE8-6C3A-43EB-8789-ACCBF57D3A3A}.Debug|Any CPU.Build.0 = Debug|Any CPU
		{CD225CE8-6C3A-43EB-8789-ACCBF57D3A3A}.Release|Any CPU.ActiveCfg = Release|Any CPU
		{CD225CE8-6C3A-43EB-8789-ACCBF57D3A3A}.Release|Any CPU.Build.0 = Release|Any CPU
		{6D2026D7-9FE4-4154-A06F-B9FE14B32F4F}.Debug|Any CPU.ActiveCfg = Debug|Any CPU
		{6D2026D7-9FE4-4154-A06F-B9FE14B32F4F}.Debug|Any CPU.Build.0 = Debug|Any CPU
		{6D2026D7-9FE4-4154-A06F-B9FE14B32F4F}.Release|Any CPU.ActiveCfg = Release|Any CPU
		{6D2026D7-9FE4-4154-A06F-B9FE14B32F4F}.Release|Any CPU.Build.0 = Release|Any CPU
		{74B2F339-2E39-4629-BF25-01EB7FA9AD83}.Debug|Any CPU.ActiveCfg = Debug|Any CPU
		{74B2F339-2E39-4629-BF25-01EB7FA9AD83}.Debug|Any CPU.Build.0 = Debug|Any CPU
		{74B2F339-2E39-4629-BF25-01EB7FA9AD83}.Release|Any CPU.ActiveCfg = Release|Any CPU
		{74B2F339-2E39-4629-BF25-01EB7FA9AD83}.Release|Any CPU.Build.0 = Release|Any CPU
		{F911F4CD-3644-415B-A1FE-8936F153E436}.Debug|Any CPU.ActiveCfg = Debug|Any CPU
		{F911F4CD-3644-415B-A1FE-8936F153E436}.Debug|Any CPU.Build.0 = Debug|Any CPU
		{F911F4CD-3644-415B-A1FE-8936F153E436}.Release|Any CPU.ActiveCfg = Release|Any CPU
		{F911F4CD-3644-415B-A1FE-8936F153E436}.Release|Any CPU.Build.0 = Release|Any CPU
		{AB6C006A-CBE4-4456-9990-05C35AF78082}.Debug|Any CPU.ActiveCfg = Debug|Any CPU
		{AB6C006A-CBE4-4456-9990-05C35AF78082}.Debug|Any CPU.Build.0 = Debug|Any CPU
		{AB6C006A-CBE4-4456-9990-05C35AF78082}.Release|Any CPU.ActiveCfg = Release|Any CPU
		{AB6C006A-CBE4-4456-9990-05C35AF78082}.Release|Any CPU.Build.0 = Release|Any CPU
		{A619596A-EF7D-480F-B17F-1E5F82175592}.Debug|Any CPU.ActiveCfg = Debug|Any CPU
		{A619596A-EF7D-480F-B17F-1E5F82175592}.Debug|Any CPU.Build.0 = Debug|Any CPU
		{A619596A-EF7D-480F-B17F-1E5F82175592}.Release|Any CPU.ActiveCfg = Release|Any CPU
		{A619596A-EF7D-480F-B17F-1E5F82175592}.Release|Any CPU.Build.0 = Release|Any CPU
		{11466390-7613-427A-80A6-B6AC86064599}.Debug|Any CPU.ActiveCfg = Debug|Any CPU
		{11466390-7613-427A-80A6-B6AC86064599}.Debug|Any CPU.Build.0 = Debug|Any CPU
		{11466390-7613-427A-80A6-B6AC86064599}.Release|Any CPU.ActiveCfg = Release|Any CPU
		{11466390-7613-427A-80A6-B6AC86064599}.Release|Any CPU.Build.0 = Release|Any CPU
		{76FA706F-490A-40A2-8E95-8E2F4B5482AC}.Debug|Any CPU.ActiveCfg = Debug|Any CPU
		{76FA706F-490A-40A2-8E95-8E2F4B5482AC}.Debug|Any CPU.Build.0 = Debug|Any CPU
		{76FA706F-490A-40A2-8E95-8E2F4B5482AC}.Release|Any CPU.ActiveCfg = Release|Any CPU
		{76FA706F-490A-40A2-8E95-8E2F4B5482AC}.Release|Any CPU.Build.0 = Release|Any CPU
		{8675D054-9EC5-4C80-9E55-113AB325B2BE}.Debug|Any CPU.ActiveCfg = Debug|Any CPU
		{8675D054-9EC5-4C80-9E55-113AB325B2BE}.Debug|Any CPU.Build.0 = Debug|Any CPU
		{8675D054-9EC5-4C80-9E55-113AB325B2BE}.Release|Any CPU.ActiveCfg = Release|Any CPU
		{8675D054-9EC5-4C80-9E55-113AB325B2BE}.Release|Any CPU.Build.0 = Release|Any CPU
		{B485D18A-003F-45AB-9A26-F199B1E03890}.Debug|Any CPU.ActiveCfg = Debug|Any CPU
		{B485D18A-003F-45AB-9A26-F199B1E03890}.Debug|Any CPU.Build.0 = Debug|Any CPU
		{B485D18A-003F-45AB-9A26-F199B1E03890}.Release|Any CPU.ActiveCfg = Release|Any CPU
		{B485D18A-003F-45AB-9A26-F199B1E03890}.Release|Any CPU.Build.0 = Release|Any CPU
		{DFFE0253-7183-4FD3-9052-7ED1EE6DB90C}.Debug|Any CPU.ActiveCfg = Debug|Any CPU
		{DFFE0253-7183-4FD3-9052-7ED1EE6DB90C}.Debug|Any CPU.Build.0 = Debug|Any CPU
		{DFFE0253-7183-4FD3-9052-7ED1EE6DB90C}.Release|Any CPU.ActiveCfg = Release|Any CPU
		{DFFE0253-7183-4FD3-9052-7ED1EE6DB90C}.Release|Any CPU.Build.0 = Release|Any CPU
		{0E6FD81F-3FC1-4413-88EC-0E07B312890B}.Debug|Any CPU.ActiveCfg = Debug|Any CPU
		{0E6FD81F-3FC1-4413-88EC-0E07B312890B}.Debug|Any CPU.Build.0 = Debug|Any CPU
		{0E6FD81F-3FC1-4413-88EC-0E07B312890B}.Release|Any CPU.ActiveCfg = Release|Any CPU
		{0E6FD81F-3FC1-4413-88EC-0E07B312890B}.Release|Any CPU.Build.0 = Release|Any CPU
		{6C246EF4-0983-4AFF-880D-640D771E13E5}.Debug|Any CPU.ActiveCfg = Debug|Any CPU
		{6C246EF4-0983-4AFF-880D-640D771E13E5}.Debug|Any CPU.Build.0 = Debug|Any CPU
		{6C246EF4-0983-4AFF-880D-640D771E13E5}.Release|Any CPU.ActiveCfg = Release|Any CPU
		{6C246EF4-0983-4AFF-880D-640D771E13E5}.Release|Any CPU.Build.0 = Release|Any CPU
		{0A8E9DBD-BF82-420C-98D2-9EB61F8B1596}.Debug|Any CPU.ActiveCfg = Debug|Any CPU
		{0A8E9DBD-BF82-420C-98D2-9EB61F8B1596}.Debug|Any CPU.Build.0 = Debug|Any CPU
		{0A8E9DBD-BF82-420C-98D2-9EB61F8B1596}.Release|Any CPU.ActiveCfg = Release|Any CPU
		{0A8E9DBD-BF82-420C-98D2-9EB61F8B1596}.Release|Any CPU.Build.0 = Release|Any CPU
		{897229BD-1D20-4485-A14A-D8A439B98419}.Debug|Any CPU.ActiveCfg = Debug|Any CPU
		{897229BD-1D20-4485-A14A-D8A439B98419}.Debug|Any CPU.Build.0 = Debug|Any CPU
		{897229BD-1D20-4485-A14A-D8A439B98419}.Release|Any CPU.ActiveCfg = Release|Any CPU
		{897229BD-1D20-4485-A14A-D8A439B98419}.Release|Any CPU.Build.0 = Release|Any CPU
		{E7DF17E5-3D52-45B7-AD14-DA6440B5D478}.Debug|Any CPU.ActiveCfg = Debug|Any CPU
		{E7DF17E5-3D52-45B7-AD14-DA6440B5D478}.Debug|Any CPU.Build.0 = Debug|Any CPU
		{E7DF17E5-3D52-45B7-AD14-DA6440B5D478}.Release|Any CPU.ActiveCfg = Release|Any CPU
		{E7DF17E5-3D52-45B7-AD14-DA6440B5D478}.Release|Any CPU.Build.0 = Release|Any CPU
		{DE746D6B-1BCF-4F0A-91EA-0914A1580FCD}.Debug|Any CPU.ActiveCfg = Debug|Any CPU
		{DE746D6B-1BCF-4F0A-91EA-0914A1580FCD}.Debug|Any CPU.Build.0 = Debug|Any CPU
		{DE746D6B-1BCF-4F0A-91EA-0914A1580FCD}.Release|Any CPU.ActiveCfg = Release|Any CPU
		{DE746D6B-1BCF-4F0A-91EA-0914A1580FCD}.Release|Any CPU.Build.0 = Release|Any CPU
		{971880DE-3B26-4E1C-BA2F-A6D20A7E2005}.Debug|Any CPU.ActiveCfg = Debug|Any CPU
		{971880DE-3B26-4E1C-BA2F-A6D20A7E2005}.Debug|Any CPU.Build.0 = Debug|Any CPU
		{971880DE-3B26-4E1C-BA2F-A6D20A7E2005}.Release|Any CPU.ActiveCfg = Release|Any CPU
		{971880DE-3B26-4E1C-BA2F-A6D20A7E2005}.Release|Any CPU.Build.0 = Release|Any CPU
		{35DE8724-0102-42FB-9829-617C498CE77A}.Debug|Any CPU.ActiveCfg = Debug|Any CPU
		{35DE8724-0102-42FB-9829-617C498CE77A}.Debug|Any CPU.Build.0 = Debug|Any CPU
		{35DE8724-0102-42FB-9829-617C498CE77A}.Release|Any CPU.ActiveCfg = Release|Any CPU
		{35DE8724-0102-42FB-9829-617C498CE77A}.Release|Any CPU.Build.0 = Release|Any CPU
		{05443AFF-D349-46CC-A689-72293D8E9958}.Debug|Any CPU.ActiveCfg = Debug|Any CPU
		{05443AFF-D349-46CC-A689-72293D8E9958}.Debug|Any CPU.Build.0 = Debug|Any CPU
		{05443AFF-D349-46CC-A689-72293D8E9958}.Release|Any CPU.ActiveCfg = Release|Any CPU
		{05443AFF-D349-46CC-A689-72293D8E9958}.Release|Any CPU.Build.0 = Release|Any CPU
		{19654ED1-07E9-46F9-AD23-24AC74AC1E09}.Debug|Any CPU.ActiveCfg = Debug|Any CPU
		{19654ED1-07E9-46F9-AD23-24AC74AC1E09}.Debug|Any CPU.Build.0 = Debug|Any CPU
		{19654ED1-07E9-46F9-AD23-24AC74AC1E09}.Release|Any CPU.ActiveCfg = Release|Any CPU
		{19654ED1-07E9-46F9-AD23-24AC74AC1E09}.Release|Any CPU.Build.0 = Release|Any CPU
		{9EF468A0-513D-4529-8FEE-112CF7BA041A}.Debug|Any CPU.ActiveCfg = Debug|Any CPU
		{9EF468A0-513D-4529-8FEE-112CF7BA041A}.Debug|Any CPU.Build.0 = Debug|Any CPU
		{9EF468A0-513D-4529-8FEE-112CF7BA041A}.Release|Any CPU.ActiveCfg = Release|Any CPU
		{9EF468A0-513D-4529-8FEE-112CF7BA041A}.Release|Any CPU.Build.0 = Release|Any CPU
		{EA8030A9-2DE3-4019-AD4D-D3277D25E9D2}.Debug|Any CPU.ActiveCfg = Debug|Any CPU
		{EA8030A9-2DE3-4019-AD4D-D3277D25E9D2}.Debug|Any CPU.Build.0 = Debug|Any CPU
		{EA8030A9-2DE3-4019-AD4D-D3277D25E9D2}.Release|Any CPU.ActiveCfg = Release|Any CPU
		{EA8030A9-2DE3-4019-AD4D-D3277D25E9D2}.Release|Any CPU.Build.0 = Release|Any CPU
	EndGlobalSection
	GlobalSection(SolutionProperties) = preSolution
		HideSolutionNode = FALSE
	EndGlobalSection
	GlobalSection(ExtensibilityGlobals) = postSolution
		SolutionGuid = {87C4B051-4E0B-4A48-B047-25FA3364D82A}
	EndGlobalSection
EndGlobal
